// !$*UTF8*$!
{
	archiveVersion = 1;
	classes = {
	};
	objectVersion = 46;
	objects = {

/* Begin PBXBuildFile section */
		8F0F057A169C98770060CB48 /* UIKit.framework in Frameworks */ = {isa = PBXBuildFile; fileRef = 8F0F0579169C98770060CB48 /* UIKit.framework */; };
		8F0F057C169C98770060CB48 /* Foundation.framework in Frameworks */ = {isa = PBXBuildFile; fileRef = 8F0F057B169C98770060CB48 /* Foundation.framework */; };
		8F0F057E169C98770060CB48 /* CoreGraphics.framework in Frameworks */ = {isa = PBXBuildFile; fileRef = 8F0F057D169C98770060CB48 /* CoreGraphics.framework */; };
		8F0F0584169C98770060CB48 /* InfoPlist.strings in Resources */ = {isa = PBXBuildFile; fileRef = 8F0F0582169C98770060CB48 /* InfoPlist.strings */; };
		8F0F0586169C98770060CB48 /* main.m in Sources */ = {isa = PBXBuildFile; fileRef = 8F0F0585169C98770060CB48 /* main.m */; };
		8F0F058A169C98770060CB48 /* AppDelegate.m in Sources */ = {isa = PBXBuildFile; fileRef = 8F0F0589169C98770060CB48 /* AppDelegate.m */; };
		8F0F058C169C98770060CB48 /* Default.png in Resources */ = {isa = PBXBuildFile; fileRef = 8F0F058B169C98770060CB48 /* Default.png */; };
		8F0F058E169C98770060CB48 /* Default@2x.png in Resources */ = {isa = PBXBuildFile; fileRef = 8F0F058D169C98770060CB48 /* Default@2x.png */; };
		8F0F0590169C98770060CB48 /* Default-568h@2x.png in Resources */ = {isa = PBXBuildFile; fileRef = 8F0F058F169C98770060CB48 /* Default-568h@2x.png */; };
		8F0F0593169C98770060CB48 /* MainStoryboard_iPhone.storyboard in Resources */ = {isa = PBXBuildFile; fileRef = 8F0F0591169C98770060CB48 /* MainStoryboard_iPhone.storyboard */; };
		8F0F0596169C98770060CB48 /* MainStoryboard_iPad.storyboard in Resources */ = {isa = PBXBuildFile; fileRef = 8F0F0594169C98770060CB48 /* MainStoryboard_iPad.storyboard */; };
		8F0F0599169C98770060CB48 /* ViewController.m in Sources */ = {isa = PBXBuildFile; fileRef = 8F0F0598169C98770060CB48 /* ViewController.m */; };
		8F0F05A1169C98770060CB48 /* SenTestingKit.framework in Frameworks */ = {isa = PBXBuildFile; fileRef = 8F0F05A0169C98770060CB48 /* SenTestingKit.framework */; };
		8F0F05A2169C98770060CB48 /* UIKit.framework in Frameworks */ = {isa = PBXBuildFile; fileRef = 8F0F0579169C98770060CB48 /* UIKit.framework */; };
		8F0F05A3169C98770060CB48 /* Foundation.framework in Frameworks */ = {isa = PBXBuildFile; fileRef = 8F0F057B169C98770060CB48 /* Foundation.framework */; };
		8F0F05AB169C98770060CB48 /* InfoPlist.strings in Resources */ = {isa = PBXBuildFile; fileRef = 8F0F05A9169C98770060CB48 /* InfoPlist.strings */; };
		8F0F05AE169C98770060CB48 /* ChromatismTests.m in Sources */ = {isa = PBXBuildFile; fileRef = 8F0F05AD169C98770060CB48 /* ChromatismTests.m */; };
		8F103C89169C9EDC000E8716 /* Menlo.ttf in Resources */ = {isa = PBXBuildFile; fileRef = 8F103C88169C9EDC000E8716 /* Menlo.ttf */; };
		8F103C8A169C9EDC000E8716 /* Menlo.ttf in Resources */ = {isa = PBXBuildFile; fileRef = 8F103C88169C9EDC000E8716 /* Menlo.ttf */; };
		8F15D048169D894A0040A698 /* JLTokenizer.m in Resources */ = {isa = PBXBuildFile; fileRef = 8F503F60169C99AE0064717A /* JLTokenizer.m */; };
		8F15D04A169D8A180040A698 /* text.txt in Resources */ = {isa = PBXBuildFile; fileRef = 8F15D049169D8A180040A698 /* text.txt */; };
		8F5040A1169C99AE0064717A /* JLTokenizer.m in Sources */ = {isa = PBXBuildFile; fileRef = 8F503F60169C99AE0064717A /* JLTokenizer.m */; };
		8F5040A2169C99AE0064717A /* JLTokenizer.m in Sources */ = {isa = PBXBuildFile; fileRef = 8F503F60169C99AE0064717A /* JLTokenizer.m */; };
		8F5040A5169C99C60064717A /* JLTextView.m in Sources */ = {isa = PBXBuildFile; fileRef = 8F5040A4169C99C60064717A /* JLTextView.m */; };
		8F5040A6169C99C60064717A /* JLTextView.m in Sources */ = {isa = PBXBuildFile; fileRef = 8F5040A4169C99C60064717A /* JLTextView.m */; };
		8F5040AC169C9A5A0064717A /* TextLineCell.m in Sources */ = {isa = PBXBuildFile; fileRef = 8F5040AB169C9A5A0064717A /* TextLineCell.m */; };
		8F5040AD169C9A5A0064717A /* TextLineCell.m in Sources */ = {isa = PBXBuildFile; fileRef = 8F5040AB169C9A5A0064717A /* TextLineCell.m */; };
		8F5040B1169C9AFF0064717A /* Helpers.m in Sources */ = {isa = PBXBuildFile; fileRef = 8F5040B0169C9AFF0064717A /* Helpers.m */; };
		8F5040B2169C9AFF0064717A /* Helpers.m in Sources */ = {isa = PBXBuildFile; fileRef = 8F5040B0169C9AFF0064717A /* Helpers.m */; };
		8F5040B4169C9B240064717A /* CoreText.framework in Frameworks */ = {isa = PBXBuildFile; fileRef = 8F5040B3169C9B240064717A /* CoreText.framework */; };
/* End PBXBuildFile section */

/* Begin PBXContainerItemProxy section */
		8F0F05A4169C98770060CB48 /* PBXContainerItemProxy */ = {
			isa = PBXContainerItemProxy;
			containerPortal = 8F0F056E169C98770060CB48 /* Project object */;
			proxyType = 1;
			remoteGlobalIDString = 8F0F0575169C98770060CB48;
			remoteInfo = Chromatism;
		};
/* End PBXContainerItemProxy section */

/* Begin PBXFileReference section */
		8F0F0576169C98770060CB48 /* Chromatism.app */ = {isa = PBXFileReference; explicitFileType = wrapper.application; includeInIndex = 0; path = Chromatism.app; sourceTree = BUILT_PRODUCTS_DIR; };
		8F0F0579169C98770060CB48 /* UIKit.framework */ = {isa = PBXFileReference; lastKnownFileType = wrapper.framework; name = UIKit.framework; path = System/Library/Frameworks/UIKit.framework; sourceTree = SDKROOT; };
		8F0F057B169C98770060CB48 /* Foundation.framework */ = {isa = PBXFileReference; lastKnownFileType = wrapper.framework; name = Foundation.framework; path = System/Library/Frameworks/Foundation.framework; sourceTree = SDKROOT; };
		8F0F057D169C98770060CB48 /* CoreGraphics.framework */ = {isa = PBXFileReference; lastKnownFileType = wrapper.framework; name = CoreGraphics.framework; path = System/Library/Frameworks/CoreGraphics.framework; sourceTree = SDKROOT; };
		8F0F0581169C98770060CB48 /* Chromatism-Info.plist */ = {isa = PBXFileReference; lastKnownFileType = text.plist.xml; path = "Chromatism-Info.plist"; sourceTree = "<group>"; };
		8F0F0583169C98770060CB48 /* en */ = {isa = PBXFileReference; lastKnownFileType = text.plist.strings; name = en; path = en.lproj/InfoPlist.strings; sourceTree = "<group>"; };
		8F0F0585169C98770060CB48 /* main.m */ = {isa = PBXFileReference; lastKnownFileType = sourcecode.c.objc; path = main.m; sourceTree = "<group>"; };
		8F0F0587169C98770060CB48 /* Chromatism-Prefix.pch */ = {isa = PBXFileReference; lastKnownFileType = sourcecode.c.h; path = "Chromatism-Prefix.pch"; sourceTree = "<group>"; };
		8F0F0588169C98770060CB48 /* AppDelegate.h */ = {isa = PBXFileReference; lastKnownFileType = sourcecode.c.h; path = AppDelegate.h; sourceTree = "<group>"; };
		8F0F0589169C98770060CB48 /* AppDelegate.m */ = {isa = PBXFileReference; lastKnownFileType = sourcecode.c.objc; path = AppDelegate.m; sourceTree = "<group>"; };
		8F0F058B169C98770060CB48 /* Default.png */ = {isa = PBXFileReference; lastKnownFileType = image.png; path = Default.png; sourceTree = "<group>"; };
		8F0F058D169C98770060CB48 /* Default@2x.png */ = {isa = PBXFileReference; lastKnownFileType = image.png; path = "Default@2x.png"; sourceTree = "<group>"; };
		8F0F058F169C98770060CB48 /* Default-568h@2x.png */ = {isa = PBXFileReference; lastKnownFileType = image.png; path = "Default-568h@2x.png"; sourceTree = "<group>"; };
		8F0F0592169C98770060CB48 /* en */ = {isa = PBXFileReference; lastKnownFileType = file.storyboard; name = en; path = en.lproj/MainStoryboard_iPhone.storyboard; sourceTree = "<group>"; };
		8F0F0595169C98770060CB48 /* en */ = {isa = PBXFileReference; lastKnownFileType = file.storyboard; name = en; path = en.lproj/MainStoryboard_iPad.storyboard; sourceTree = "<group>"; };
		8F0F0597169C98770060CB48 /* ViewController.h */ = {isa = PBXFileReference; lastKnownFileType = sourcecode.c.h; path = ViewController.h; sourceTree = "<group>"; };
		8F0F0598169C98770060CB48 /* ViewController.m */ = {isa = PBXFileReference; lastKnownFileType = sourcecode.c.objc; path = ViewController.m; sourceTree = "<group>"; };
		8F0F059F169C98770060CB48 /* ChromatismTests.octest */ = {isa = PBXFileReference; explicitFileType = wrapper.cfbundle; includeInIndex = 0; path = ChromatismTests.octest; sourceTree = BUILT_PRODUCTS_DIR; };
		8F0F05A0169C98770060CB48 /* SenTestingKit.framework */ = {isa = PBXFileReference; lastKnownFileType = wrapper.framework; name = SenTestingKit.framework; path = Library/Frameworks/SenTestingKit.framework; sourceTree = DEVELOPER_DIR; };
		8F0F05A8169C98770060CB48 /* ChromatismTests-Info.plist */ = {isa = PBXFileReference; lastKnownFileType = text.plist.xml; path = "ChromatismTests-Info.plist"; sourceTree = "<group>"; };
		8F0F05AA169C98770060CB48 /* en */ = {isa = PBXFileReference; lastKnownFileType = text.plist.strings; name = en; path = en.lproj/InfoPlist.strings; sourceTree = "<group>"; };
		8F0F05AC169C98770060CB48 /* ChromatismTests.h */ = {isa = PBXFileReference; lastKnownFileType = sourcecode.c.h; path = ChromatismTests.h; sourceTree = "<group>"; };
		8F0F05AD169C98770060CB48 /* ChromatismTests.m */ = {isa = PBXFileReference; lastKnownFileType = sourcecode.c.objc; path = ChromatismTests.m; sourceTree = "<group>"; };
		8F103C88169C9EDC000E8716 /* Menlo.ttf */ = {isa = PBXFileReference; lastKnownFileType = file; path = Menlo.ttf; sourceTree = "<group>"; };
		8F15D049169D8A180040A698 /* text.txt */ = {isa = PBXFileReference; fileEncoding = 4; lastKnownFileType = text; path = text.txt; sourceTree = "<group>"; };
		8F503F5F169C99AE0064717A /* JLTokenizer.h */ = {isa = PBXFileReference; fileEncoding = 4; lastKnownFileType = sourcecode.c.h; path = JLTokenizer.h; sourceTree = "<group>"; };
		8F503F60169C99AE0064717A /* JLTokenizer.m */ = {isa = PBXFileReference; fileEncoding = 4; lastKnownFileType = sourcecode.c.objc; path = JLTokenizer.m; sourceTree = "<group>"; };
		8F5040A3169C99C60064717A /* JLTextView.h */ = {isa = PBXFileReference; fileEncoding = 4; lastKnownFileType = sourcecode.c.h; path = JLTextView.h; sourceTree = "<group>"; };
		8F5040A4169C99C60064717A /* JLTextView.m */ = {isa = PBXFileReference; fileEncoding = 4; lastKnownFileType = sourcecode.c.objc; path = JLTextView.m; sourceTree = "<group>"; };
		8F5040AA169C9A5A0064717A /* TextLineCell.h */ = {isa = PBXFileReference; fileEncoding = 4; lastKnownFileType = sourcecode.c.h; path = TextLineCell.h; sourceTree = "<group>"; };
		8F5040AB169C9A5A0064717A /* TextLineCell.m */ = {isa = PBXFileReference; fileEncoding = 4; lastKnownFileType = sourcecode.c.objc; path = TextLineCell.m; sourceTree = "<group>"; };
		8F5040AF169C9AFF0064717A /* Helpers.h */ = {isa = PBXFileReference; fileEncoding = 4; lastKnownFileType = sourcecode.c.h; path = Helpers.h; sourceTree = "<group>"; };
		8F5040B0169C9AFF0064717A /* Helpers.m */ = {isa = PBXFileReference; fileEncoding = 4; lastKnownFileType = sourcecode.c.objc; path = Helpers.m; sourceTree = "<group>"; };
		8F5040B3169C9B240064717A /* CoreText.framework */ = {isa = PBXFileReference; lastKnownFileType = wrapper.framework; name = CoreText.framework; path = System/Library/Frameworks/CoreText.framework; sourceTree = SDKROOT; };
/* End PBXFileReference section */

/* Begin PBXFrameworksBuildPhase section */
		8F0F0573169C98770060CB48 /* Frameworks */ = {
			isa = PBXFrameworksBuildPhase;
			buildActionMask = 2147483647;
			files = (
				8F5040B4169C9B240064717A /* CoreText.framework in Frameworks */,
				8F0F057A169C98770060CB48 /* UIKit.framework in Frameworks */,
				8F0F057C169C98770060CB48 /* Foundation.framework in Frameworks */,
				8F0F057E169C98770060CB48 /* CoreGraphics.framework in Frameworks */,
			);
			runOnlyForDeploymentPostprocessing = 0;
		};
		8F0F059B169C98770060CB48 /* Frameworks */ = {
			isa = PBXFrameworksBuildPhase;
			buildActionMask = 2147483647;
			files = (
				8F0F05A1169C98770060CB48 /* SenTestingKit.framework in Frameworks */,
				8F0F05A2169C98770060CB48 /* UIKit.framework in Frameworks */,
				8F0F05A3169C98770060CB48 /* Foundation.framework in Frameworks */,
			);
			runOnlyForDeploymentPostprocessing = 0;
		};
/* End PBXFrameworksBuildPhase section */

/* Begin PBXGroup section */
		8F0F056D169C98770060CB48 = {
			isa = PBXGroup;
			children = (
				8F0F057F169C98770060CB48 /* Chromatism */,
				8F0F05A6169C98770060CB48 /* ChromatismTests */,
				8F0F0578169C98770060CB48 /* Frameworks */,
				8F0F0577169C98770060CB48 /* Products */,
			);
			sourceTree = "<group>";
		};
		8F0F0577169C98770060CB48 /* Products */ = {
			isa = PBXGroup;
			children = (
				8F0F0576169C98770060CB48 /* Chromatism.app */,
				8F0F059F169C98770060CB48 /* ChromatismTests.octest */,
			);
			name = Products;
			sourceTree = "<group>";
		};
		8F0F0578169C98770060CB48 /* Frameworks */ = {
			isa = PBXGroup;
			children = (
				8F5040B3169C9B240064717A /* CoreText.framework */,
				8F0F0579169C98770060CB48 /* UIKit.framework */,
				8F0F057B169C98770060CB48 /* Foundation.framework */,
				8F0F057D169C98770060CB48 /* CoreGraphics.framework */,
				8F0F05A0169C98770060CB48 /* SenTestingKit.framework */,
			);
			name = Frameworks;
			sourceTree = "<group>";
		};
		8F0F057F169C98770060CB48 /* Chromatism */ = {
			isa = PBXGroup;
			children = (
				8F5040AE169C9A660064717A /* Syntax Highlighting */,
				8F0F0588169C98770060CB48 /* AppDelegate.h */,
				8F0F0589169C98770060CB48 /* AppDelegate.m */,
				8F0F0591169C98770060CB48 /* MainStoryboard_iPhone.storyboard */,
				8F0F0594169C98770060CB48 /* MainStoryboard_iPad.storyboard */,
				8F0F0597169C98770060CB48 /* ViewController.h */,
				8F0F0598169C98770060CB48 /* ViewController.m */,
				8F0F0580169C98770060CB48 /* Supporting Files */,
			);
			path = Chromatism;
			sourceTree = "<group>";
		};
		8F0F0580169C98770060CB48 /* Supporting Files */ = {
			isa = PBXGroup;
			children = (
				8F103C88169C9EDC000E8716 /* Menlo.ttf */,
				8F15D049169D8A180040A698 /* text.txt */,
				8F0F0581169C98770060CB48 /* Chromatism-Info.plist */,
				8F0F0582169C98770060CB48 /* InfoPlist.strings */,
				8F0F0585169C98770060CB48 /* main.m */,
				8F0F0587169C98770060CB48 /* Chromatism-Prefix.pch */,
				8F0F058B169C98770060CB48 /* Default.png */,
				8F0F058D169C98770060CB48 /* Default@2x.png */,
				8F0F058F169C98770060CB48 /* Default-568h@2x.png */,
			);
			name = "Supporting Files";
			sourceTree = "<group>";
		};
		8F0F05A6169C98770060CB48 /* ChromatismTests */ = {
			isa = PBXGroup;
			children = (
				8F0F05AC169C98770060CB48 /* ChromatismTests.h */,
				8F0F05AD169C98770060CB48 /* ChromatismTests.m */,
				8F0F05A7169C98770060CB48 /* Supporting Files */,
			);
			path = ChromatismTests;
			sourceTree = "<group>";
		};
		8F0F05A7169C98770060CB48 /* Supporting Files */ = {
			isa = PBXGroup;
			children = (
				8F0F05A8169C98770060CB48 /* ChromatismTests-Info.plist */,
				8F0F05A9169C98770060CB48 /* InfoPlist.strings */,
			);
			name = "Supporting Files";
			sourceTree = "<group>";
		};
		8F5040AE169C9A660064717A /* Syntax Highlighting */ = {
			isa = PBXGroup;
			children = (
				8F503F5F169C99AE0064717A /* JLTokenizer.h */,
				8F503F60169C99AE0064717A /* JLTokenizer.m */,
				8F5040A3169C99C60064717A /* JLTextView.h */,
				8F5040A4169C99C60064717A /* JLTextView.m */,
				8F5040AA169C9A5A0064717A /* TextLineCell.h */,
				8F5040AB169C9A5A0064717A /* TextLineCell.m */,
				8F5040AF169C9AFF0064717A /* Helpers.h */,
				8F5040B0169C9AFF0064717A /* Helpers.m */,
			);
			name = "Syntax Highlighting";
			sourceTree = "<group>";
		};
/* End PBXGroup section */

/* Begin PBXNativeTarget section */
		8F0F0575169C98770060CB48 /* Chromatism */ = {
			isa = PBXNativeTarget;
			buildConfigurationList = 8F0F05B1169C98770060CB48 /* Build configuration list for PBXNativeTarget "Chromatism" */;
			buildPhases = (
				8F0F0572169C98770060CB48 /* Sources */,
				8F0F0573169C98770060CB48 /* Frameworks */,
				8F0F0574169C98770060CB48 /* Resources */,
			);
			buildRules = (
			);
			dependencies = (
			);
			name = Chromatism;
			productName = Chromatism;
			productReference = 8F0F0576169C98770060CB48 /* Chromatism.app */;
			productType = "com.apple.product-type.application";
		};
		8F0F059E169C98770060CB48 /* ChromatismTests */ = {
			isa = PBXNativeTarget;
			buildConfigurationList = 8F0F05B4169C98770060CB48 /* Build configuration list for PBXNativeTarget "ChromatismTests" */;
			buildPhases = (
				8F0F059A169C98770060CB48 /* Sources */,
				8F0F059B169C98770060CB48 /* Frameworks */,
				8F0F059C169C98770060CB48 /* Resources */,
				8F0F059D169C98770060CB48 /* ShellScript */,
			);
			buildRules = (
			);
			dependencies = (
				8F0F05A5169C98770060CB48 /* PBXTargetDependency */,
			);
			name = ChromatismTests;
			productName = ChromatismTests;
			productReference = 8F0F059F169C98770060CB48 /* ChromatismTests.octest */;
			productType = "com.apple.product-type.bundle";
		};
/* End PBXNativeTarget section */

/* Begin PBXProject section */
		8F0F056E169C98770060CB48 /* Project object */ = {
			isa = PBXProject;
			attributes = {
				LastUpgradeCheck = 0460;
				ORGANIZATIONNAME = Anviking;
			};
			buildConfigurationList = 8F0F0571169C98770060CB48 /* Build configuration list for PBXProject "Chromatism" */;
			compatibilityVersion = "Xcode 3.2";
			developmentRegion = English;
			hasScannedForEncodings = 0;
			knownRegions = (
				en,
			);
			mainGroup = 8F0F056D169C98770060CB48;
			productRefGroup = 8F0F0577169C98770060CB48 /* Products */;
			projectDirPath = "";
			projectRoot = "";
			targets = (
				8F0F0575169C98770060CB48 /* Chromatism */,
				8F0F059E169C98770060CB48 /* ChromatismTests */,
			);
		};
/* End PBXProject section */

/* Begin PBXResourcesBuildPhase section */
		8F0F0574169C98770060CB48 /* Resources */ = {
			isa = PBXResourcesBuildPhase;
			buildActionMask = 2147483647;
			files = (
				8F15D048169D894A0040A698 /* JLTokenizer.m in Resources */,
				8F0F0584169C98770060CB48 /* InfoPlist.strings in Resources */,
				8F0F058C169C98770060CB48 /* Default.png in Resources */,
				8F0F058E169C98770060CB48 /* Default@2x.png in Resources */,
				8F0F0590169C98770060CB48 /* Default-568h@2x.png in Resources */,
				8F0F0593169C98770060CB48 /* MainStoryboard_iPhone.storyboard in Resources */,
				8F0F0596169C98770060CB48 /* MainStoryboard_iPad.storyboard in Resources */,
				8F103C89169C9EDC000E8716 /* Menlo.ttf in Resources */,
				8F15D04A169D8A180040A698 /* text.txt in Resources */,
			);
			runOnlyForDeploymentPostprocessing = 0;
		};
		8F0F059C169C98770060CB48 /* Resources */ = {
			isa = PBXResourcesBuildPhase;
			buildActionMask = 2147483647;
			files = (
				8F0F05AB169C98770060CB48 /* InfoPlist.strings in Resources */,
				8F103C8A169C9EDC000E8716 /* Menlo.ttf in Resources */,
			);
			runOnlyForDeploymentPostprocessing = 0;
		};
/* End PBXResourcesBuildPhase section */

/* Begin PBXShellScriptBuildPhase section */
		8F0F059D169C98770060CB48 /* ShellScript */ = {
			isa = PBXShellScriptBuildPhase;
			buildActionMask = 2147483647;
			files = (
			);
			inputPaths = (
			);
			outputPaths = (
			);
			runOnlyForDeploymentPostprocessing = 0;
			shellPath = /bin/sh;
			shellScript = "# Run the unit tests in this test bundle.\n\"${SYSTEM_DEVELOPER_DIR}/Tools/RunUnitTests\"\n";
		};
/* End PBXShellScriptBuildPhase section */

/* Begin PBXSourcesBuildPhase section */
		8F0F0572169C98770060CB48 /* Sources */ = {
			isa = PBXSourcesBuildPhase;
			buildActionMask = 2147483647;
			files = (
				8F0F0586169C98770060CB48 /* main.m in Sources */,
				8F0F058A169C98770060CB48 /* AppDelegate.m in Sources */,
				8F0F0599169C98770060CB48 /* ViewController.m in Sources */,
				8F5040A1169C99AE0064717A /* JLTokenizer.m in Sources */,
				8F5040A5169C99C60064717A /* JLTextView.m in Sources */,
				8F5040AC169C9A5A0064717A /* TextLineCell.m in Sources */,
				8F5040B1169C9AFF0064717A /* Helpers.m in Sources */,
			);
			runOnlyForDeploymentPostprocessing = 0;
		};
		8F0F059A169C98770060CB48 /* Sources */ = {
			isa = PBXSourcesBuildPhase;
			buildActionMask = 2147483647;
			files = (
				8F0F05AE169C98770060CB48 /* ChromatismTests.m in Sources */,
				8F5040A2169C99AE0064717A /* JLTokenizer.m in Sources */,
				8F5040A6169C99C60064717A /* JLTextView.m in Sources */,
				8F5040AD169C9A5A0064717A /* TextLineCell.m in Sources */,
				8F5040B2169C9AFF0064717A /* Helpers.m in Sources */,
			);
			runOnlyForDeploymentPostprocessing = 0;
		};
/* End PBXSourcesBuildPhase section */

/* Begin PBXTargetDependency section */
		8F0F05A5169C98770060CB48 /* PBXTargetDependency */ = {
			isa = PBXTargetDependency;
			target = 8F0F0575169C98770060CB48 /* Chromatism */;
			targetProxy = 8F0F05A4169C98770060CB48 /* PBXContainerItemProxy */;
		};
/* End PBXTargetDependency section */

/* Begin PBXVariantGroup section */
		8F0F0582169C98770060CB48 /* InfoPlist.strings */ = {
			isa = PBXVariantGroup;
			children = (
				8F0F0583169C98770060CB48 /* en */,
			);
			name = InfoPlist.strings;
			sourceTree = "<group>";
		};
		8F0F0591169C98770060CB48 /* MainStoryboard_iPhone.storyboard */ = {
			isa = PBXVariantGroup;
			children = (
				8F0F0592169C98770060CB48 /* en */,
			);
			name = MainStoryboard_iPhone.storyboard;
			sourceTree = "<group>";
		};
		8F0F0594169C98770060CB48 /* MainStoryboard_iPad.storyboard */ = {
			isa = PBXVariantGroup;
			children = (
				8F0F0595169C98770060CB48 /* en */,
			);
			name = MainStoryboard_iPad.storyboard;
			sourceTree = "<group>";
		};
		8F0F05A9169C98770060CB48 /* InfoPlist.strings */ = {
			isa = PBXVariantGroup;
			children = (
				8F0F05AA169C98770060CB48 /* en */,
			);
			name = InfoPlist.strings;
			sourceTree = "<group>";
		};
/* End PBXVariantGroup section */

/* Begin XCBuildConfiguration section */
		8F0F05AF169C98770060CB48 /* Debug */ = {
			isa = XCBuildConfiguration;
			buildSettings = {
				ALWAYS_SEARCH_USER_PATHS = NO;
				CLANG_CXX_LANGUAGE_STANDARD = "gnu++0x";
				CLANG_CXX_LIBRARY = "libc++";
				CLANG_ENABLE_OBJC_ARC = YES;
				CLANG_WARN_CONSTANT_CONVERSION = YES;
				CLANG_WARN_EMPTY_BODY = YES;
				CLANG_WARN_ENUM_CONVERSION = YES;
				CLANG_WARN_INT_CONVERSION = YES;
				CLANG_WARN__DUPLICATE_METHOD_MATCH = YES;
				"CODE_SIGN_IDENTITY[sdk=iphoneos*]" = "iPhone Developer";
				COPY_PHASE_STRIP = NO;
				GCC_C_LANGUAGE_STANDARD = gnu99;
				GCC_DYNAMIC_NO_PIC = NO;
				GCC_OPTIMIZATION_LEVEL = 0;
				GCC_PREPROCESSOR_DEFINITIONS = (
					"DEBUG=1",
					"$(inherited)",
				);
				GCC_SYMBOLS_PRIVATE_EXTERN = NO;
				GCC_WARN_ABOUT_RETURN_TYPE = YES;
				GCC_WARN_UNINITIALIZED_AUTOS = YES;
				GCC_WARN_UNUSED_VARIABLE = YES;
				IPHONEOS_DEPLOYMENT_TARGET = 6.1;
				ONLY_ACTIVE_ARCH = YES;
				SDKROOT = iphoneos;
				TARGETED_DEVICE_FAMILY = "1,2";
			};
			name = Debug;
		};
		8F0F05B0169C98770060CB48 /* Release */ = {
			isa = XCBuildConfiguration;
			buildSettings = {
				ALWAYS_SEARCH_USER_PATHS = NO;
				CLANG_CXX_LANGUAGE_STANDARD = "gnu++0x";
				CLANG_CXX_LIBRARY = "libc++";
				CLANG_ENABLE_OBJC_ARC = YES;
				CLANG_WARN_CONSTANT_CONVERSION = YES;
				CLANG_WARN_EMPTY_BODY = YES;
				CLANG_WARN_ENUM_CONVERSION = YES;
				CLANG_WARN_INT_CONVERSION = YES;
				CLANG_WARN__DUPLICATE_METHOD_MATCH = YES;
				"CODE_SIGN_IDENTITY[sdk=iphoneos*]" = "iPhone Developer";
				COPY_PHASE_STRIP = YES;
				GCC_C_LANGUAGE_STANDARD = gnu99;
				GCC_WARN_ABOUT_RETURN_TYPE = YES;
				GCC_WARN_UNINITIALIZED_AUTOS = YES;
				GCC_WARN_UNUSED_VARIABLE = YES;
				IPHONEOS_DEPLOYMENT_TARGET = 6.1;
				OTHER_CFLAGS = "-DNS_BLOCK_ASSERTIONS=1";
				SDKROOT = iphoneos;
				TARGETED_DEVICE_FAMILY = "1,2";
				VALIDATE_PRODUCT = YES;
			};
			name = Release;
		};
		8F0F05B2169C98770060CB48 /* Debug */ = {
			isa = XCBuildConfiguration;
			buildSettings = {
				GCC_PRECOMPILE_PREFIX_HEADER = YES;
				GCC_PREFIX_HEADER = "Chromatism/Chromatism-Prefix.pch";
				INFOPLIST_FILE = "Chromatism/Chromatism-Info.plist";
				PRODUCT_NAME = "$(TARGET_NAME)";
				WRAPPER_EXTENSION = app;
			};
			name = Debug;
		};
		8F0F05B3169C98770060CB48 /* Release */ = {
			isa = XCBuildConfiguration;
			buildSettings = {
				GCC_PRECOMPILE_PREFIX_HEADER = YES;
				GCC_PREFIX_HEADER = "Chromatism/Chromatism-Prefix.pch";
				INFOPLIST_FILE = "Chromatism/Chromatism-Info.plist";
				PRODUCT_NAME = "$(TARGET_NAME)";
				WRAPPER_EXTENSION = app;
			};
			name = Release;
		};
		8F0F05B5169C98770060CB48 /* Debug */ = {
			isa = XCBuildConfiguration;
			buildSettings = {
				BUNDLE_LOADER = "$(BUILT_PRODUCTS_DIR)/Chromatism.app/Chromatism";
				FRAMEWORK_SEARCH_PATHS = (
					"\"$(SDKROOT)/Developer/Library/Frameworks\"",
					"\"$(DEVELOPER_LIBRARY_DIR)/Frameworks\"",
				);
				GCC_PRECOMPILE_PREFIX_HEADER = YES;
				GCC_PREFIX_HEADER = "Chromatism/Chromatism-Prefix.pch";
				INFOPLIST_FILE = "ChromatismTests/ChromatismTests-Info.plist";
				PRODUCT_NAME = "$(TARGET_NAME)";
				TEST_HOST = "$(BUNDLE_LOADER)";
				WRAPPER_EXTENSION = octest;
			};
			name = Debug;
		};
		8F0F05B6169C98770060CB48 /* Release */ = {
			isa = XCBuildConfiguration;
			buildSettings = {
				BUNDLE_LOADER = "$(BUILT_PRODUCTS_DIR)/Chromatism.app/Chromatism";
				FRAMEWORK_SEARCH_PATHS = (
					"\"$(SDKROOT)/Developer/Library/Frameworks\"",
					"\"$(DEVELOPER_LIBRARY_DIR)/Frameworks\"",
				);
				GCC_PRECOMPILE_PREFIX_HEADER = YES;
				GCC_PREFIX_HEADER = "Chromatism/Chromatism-Prefix.pch";
				INFOPLIST_FILE = "ChromatismTests/ChromatismTests-Info.plist";
				PRODUCT_NAME = "$(TARGET_NAME)";
				TEST_HOST = "$(BUNDLE_LOADER)";
				WRAPPER_EXTENSION = octest;
			};
			name = Release;
		};
/* End XCBuildConfiguration section */

/* Begin XCConfigurationList section */
		8F0F0571169C98770060CB48 /* Build configuration list for PBXProject "Chromatism" */ = {
			isa = XCConfigurationList;
			buildConfigurations = (
				8F0F05AF169C98770060CB48 /* Debug */,
				8F0F05B0169C98770060CB48 /* Release */,
			);
			defaultConfigurationIsVisible = 0;
			defaultConfigurationName = Release;
		};
		8F0F05B1169C98770060CB48 /* Build configuration list for PBXNativeTarget "Chromatism" */ = {
			isa = XCConfigurationList;
			buildConfigurations = (
				8F0F05B2169C98770060CB48 /* Debug */,
				8F0F05B3169C98770060CB48 /* Release */,
			);
			defaultConfigurationIsVisible = 0;
			defaultConfigurationName = Release;
		};
		8F0F05B4169C98770060CB48 /* Build configuration list for PBXNativeTarget "ChromatismTests" */ = {
			isa = XCConfigurationList;
			buildConfigurations = (
				8F0F05B5169C98770060CB48 /* Debug */,
				8F0F05B6169C98770060CB48 /* Release */,
			);
			defaultConfigurationIsVisible = 0;
			defaultConfigurationName = Release;
		};
/* End XCConfigurationList section */
	};
	rootObject = 8F0F056E169C98770060CB48 /* Project object */;
}
