// !$*UTF8*$!
{
	archiveVersion = 1;
	classes = {
	};
	objectVersion = 46;
	objects = {

/* Begin PBXBuildFile section */
		8F311E86197C8F040030B553 /* ObjectiveC.swift in Sources */ = {isa = PBXBuildFile; fileRef = 8F311E85197C8F040030B553 /* ObjectiveC.swift */; };
		8F5961FF198925D70095A8A9 /* JLTokenizingScope.swift in Sources */ = {isa = PBXBuildFile; fileRef = 8F9313B61986A8E900DD3993 /* JLTokenizingScope.swift */; };
		8F596200198926660095A8A9 /* JLTextStorage.swift in Sources */ = {isa = PBXBuildFile; fileRef = 8F9313B11984271F00DD3993 /* JLTextStorage.swift */; };
		8F5D7ADF197D3B4900D73B8E /* Language.swift in Sources */ = {isa = PBXBuildFile; fileRef = 8FCDBFF619787C7C00F4B3EC /* Language.swift */; };
		8F7922CA197D39B900A94724 /* JLNestedScope.swift in Sources */ = {isa = PBXBuildFile; fileRef = 8F7922C9197D39B900A94724 /* JLNestedScope.swift */; };
		8F9313B21984271F00DD3993 /* JLTextStorage.swift in Sources */ = {isa = PBXBuildFile; fileRef = 8F9313B11984271F00DD3993 /* JLTextStorage.swift */; };
		8F9313B71986A8E900DD3993 /* JLTokenizingScope.swift in Sources */ = {isa = PBXBuildFile; fileRef = 8F9313B61986A8E900DD3993 /* JLTokenizingScope.swift */; };
		8F9598A2197448B4002EA4AB /* JLTokenTests.swift in Sources */ = {isa = PBXBuildFile; fileRef = 8F9598A1197448B4002EA4AB /* JLTokenTests.swift */; };
		8FB10D21197EF104001A83B1 /* JLScope.swift in Sources */ = {isa = PBXBuildFile; fileRef = 8FBFC18B19738B7900F75A76 /* JLScope.swift */; };
		8FB10D22197EF104001A83B1 /* JLDocumentScope.swift in Sources */ = {isa = PBXBuildFile; fileRef = 8FE12922197B5D780084E506 /* JLDocumentScope.swift */; };
		8FB10D24197EF104001A83B1 /* JLRegexScope.swift in Sources */ = {isa = PBXBuildFile; fileRef = 8F95989D197437BF002EA4AB /* JLRegexScope.swift */; };
		8FB10D25197EF104001A83B1 /* JLNestedScope.swift in Sources */ = {isa = PBXBuildFile; fileRef = 8F7922C9197D39B900A94724 /* JLNestedScope.swift */; };
		8FB10D26197EF104001A83B1 /* NSIndexSet+Additions.swift in Sources */ = {isa = PBXBuildFile; fileRef = 8FBFC18D197418E300F75A76 /* NSIndexSet+Additions.swift */; };
		8FB10D28197EF104001A83B1 /* UITextViewExtensions.swift in Sources */ = {isa = PBXBuildFile; fileRef = 8FCDBFFC1979940200F4B3EC /* UITextViewExtensions.swift */; };
		8FB10D29197EF104001A83B1 /* CodeViewController.swift in Sources */ = {isa = PBXBuildFile; fileRef = 8FCDBFFF19799B6700F4B3EC /* CodeViewController.swift */; };
		8FB10D2A197EF104001A83B1 /* TokenType.swift in Sources */ = {isa = PBXBuildFile; fileRef = 8FCDBFF81978834D00F4B3EC /* TokenType.swift */; };
		8FB10D2B197EF104001A83B1 /* ColorTheme.swift in Sources */ = {isa = PBXBuildFile; fileRef = 8FCDBFFA1979615D00F4B3EC /* ColorTheme.swift */; };
		8FB10D2C197EF104001A83B1 /* Language.swift in Sources */ = {isa = PBXBuildFile; fileRef = 8FCDBFF619787C7C00F4B3EC /* Language.swift */; };
		8FB10D2F197F0A10001A83B1 /* demo.txt in Resources */ = {isa = PBXBuildFile; fileRef = 8FB10D2E197F0A10001A83B1 /* demo.txt */; };
		8FBFC17519738B0400F75A76 /* Chromatism.h in Headers */ = {isa = PBXBuildFile; fileRef = 8FBFC17419738B0400F75A76 /* Chromatism.h */; settings = {ATTRIBUTES = (Public, ); }; };
		8FBFC17B19738B0400F75A76 /* Chromatism.framework in Frameworks */ = {isa = PBXBuildFile; fileRef = 8FBFC16F19738B0400F75A76 /* Chromatism.framework */; };
		8FBFC18219738B0400F75A76 /* ChromatismTests.swift in Sources */ = {isa = PBXBuildFile; fileRef = 8FBFC18119738B0400F75A76 /* ChromatismTests.swift */; };
		8FBFC18E197418E300F75A76 /* NSIndexSet+Additions.swift in Sources */ = {isa = PBXBuildFile; fileRef = 8FBFC18D197418E300F75A76 /* NSIndexSet+Additions.swift */; };
		8FBFC19219741B6B00F75A76 /* JLScopeTests.swift in Sources */ = {isa = PBXBuildFile; fileRef = 8FBFC19119741B6B00F75A76 /* JLScopeTests.swift */; };
		8FC8F73D198C7B5A00E4ED32 /* JLKeywordScope.swift in Sources */ = {isa = PBXBuildFile; fileRef = 8FC8F73C198C7B5A00E4ED32 /* JLKeywordScope.swift */; };
		8FC8F73F198C7D1B00E4ED32 /* Swift.swift in Sources */ = {isa = PBXBuildFile; fileRef = 8FC8F73E198C7D1B00E4ED32 /* Swift.swift */; };
		8FC8F740198C7D2400E4ED32 /* JLKeywordScope.swift in Sources */ = {isa = PBXBuildFile; fileRef = 8FC8F73C198C7B5A00E4ED32 /* JLKeywordScope.swift */; };
		8FC8F742198C7D4800E4ED32 /* JLKeywordScopeTests.swift in Sources */ = {isa = PBXBuildFile; fileRef = 8FC8F741198C7D4800E4ED32 /* JLKeywordScopeTests.swift */; };
		8FCDBFF91978834D00F4B3EC /* TokenType.swift in Sources */ = {isa = PBXBuildFile; fileRef = 8FCDBFF81978834D00F4B3EC /* TokenType.swift */; };
		8FCDBFFB1979615D00F4B3EC /* ColorTheme.swift in Sources */ = {isa = PBXBuildFile; fileRef = 8FCDBFFA1979615D00F4B3EC /* ColorTheme.swift */; };
		8FDF6C671B226EB40044D754 /* JLIndentator.swift in Sources */ = {isa = PBXBuildFile; fileRef = 8FDF6C661B226EB40044D754 /* JLIndentator.swift */; };
		8FE1291B197B1D5D0084E506 /* JLScope.swift in Sources */ = {isa = PBXBuildFile; fileRef = 8FBFC18B19738B7900F75A76 /* JLScope.swift */; };
		8FE1291C197B21900084E506 /* JLRegexScope.swift in Sources */ = {isa = PBXBuildFile; fileRef = 8F95989D197437BF002EA4AB /* JLRegexScope.swift */; };
		8FE1291E197B21900084E506 /* UITextViewExtensions.swift in Sources */ = {isa = PBXBuildFile; fileRef = 8FCDBFFC1979940200F4B3EC /* UITextViewExtensions.swift */; };
		8FE1291F197B21900084E506 /* CodeViewController.swift in Sources */ = {isa = PBXBuildFile; fileRef = 8FCDBFFF19799B6700F4B3EC /* CodeViewController.swift */; };
		8FE12923197B5D780084E506 /* JLDocumentScope.swift in Sources */ = {isa = PBXBuildFile; fileRef = 8FE12922197B5D780084E506 /* JLDocumentScope.swift */; };
/* End PBXBuildFile section */

/* Begin PBXContainerItemProxy section */
		8FBFC17C19738B0400F75A76 /* PBXContainerItemProxy */ = {
			isa = PBXContainerItemProxy;
			containerPortal = 8FBFC16619738B0400F75A76 /* Project object */;
			proxyType = 1;
			remoteGlobalIDString = 8FBFC16E19738B0400F75A76;
			remoteInfo = Chromatism;
		};
/* End PBXContainerItemProxy section */

/* Begin PBXFileReference section */
		8F311E85197C8F040030B553 /* ObjectiveC.swift */ = {isa = PBXFileReference; fileEncoding = 4; lastKnownFileType = sourcecode.swift; path = ObjectiveC.swift; sourceTree = "<group>"; };
		8F7922C9197D39B900A94724 /* JLNestedScope.swift */ = {isa = PBXFileReference; fileEncoding = 4; lastKnownFileType = sourcecode.swift; path = JLNestedScope.swift; sourceTree = "<group>"; };
		8F9313B11984271F00DD3993 /* JLTextStorage.swift */ = {isa = PBXFileReference; fileEncoding = 4; lastKnownFileType = sourcecode.swift; path = JLTextStorage.swift; sourceTree = "<group>"; };
		8F9313B61986A8E900DD3993 /* JLTokenizingScope.swift */ = {isa = PBXFileReference; fileEncoding = 4; lastKnownFileType = sourcecode.swift; path = JLTokenizingScope.swift; sourceTree = "<group>"; };
		8F95989D197437BF002EA4AB /* JLRegexScope.swift */ = {isa = PBXFileReference; fileEncoding = 4; lastKnownFileType = sourcecode.swift; path = JLRegexScope.swift; sourceTree = "<group>"; };
		8F9598A1197448B4002EA4AB /* JLTokenTests.swift */ = {isa = PBXFileReference; fileEncoding = 4; lastKnownFileType = sourcecode.swift; path = JLTokenTests.swift; sourceTree = "<group>"; };
		8FB10D2E197F0A10001A83B1 /* demo.txt */ = {isa = PBXFileReference; fileEncoding = 4; lastKnownFileType = text; path = demo.txt; sourceTree = "<group>"; };
		8FBFC16F19738B0400F75A76 /* Chromatism.framework */ = {isa = PBXFileReference; explicitFileType = wrapper.framework; includeInIndex = 0; path = Chromatism.framework; sourceTree = BUILT_PRODUCTS_DIR; };
		8FBFC17319738B0400F75A76 /* Info.plist */ = {isa = PBXFileReference; lastKnownFileType = text.plist.xml; path = Info.plist; sourceTree = "<group>"; };
		8FBFC17419738B0400F75A76 /* Chromatism.h */ = {isa = PBXFileReference; lastKnownFileType = sourcecode.c.h; path = Chromatism.h; sourceTree = "<group>"; };
		8FBFC17A19738B0400F75A76 /* ChromatismTests.xctest */ = {isa = PBXFileReference; explicitFileType = wrapper.cfbundle; includeInIndex = 0; path = ChromatismTests.xctest; sourceTree = BUILT_PRODUCTS_DIR; };
		8FBFC18019738B0400F75A76 /* Info.plist */ = {isa = PBXFileReference; lastKnownFileType = text.plist.xml; path = Info.plist; sourceTree = "<group>"; };
		8FBFC18119738B0400F75A76 /* ChromatismTests.swift */ = {isa = PBXFileReference; lastKnownFileType = sourcecode.swift; path = ChromatismTests.swift; sourceTree = "<group>"; };
		8FBFC18B19738B7900F75A76 /* JLScope.swift */ = {isa = PBXFileReference; fileEncoding = 4; lastKnownFileType = sourcecode.swift; path = JLScope.swift; sourceTree = "<group>"; };
		8FBFC18D197418E300F75A76 /* NSIndexSet+Additions.swift */ = {isa = PBXFileReference; fileEncoding = 4; lastKnownFileType = sourcecode.swift; path = "NSIndexSet+Additions.swift"; sourceTree = "<group>"; };
		8FBFC19119741B6B00F75A76 /* JLScopeTests.swift */ = {isa = PBXFileReference; fileEncoding = 4; lastKnownFileType = sourcecode.swift; path = JLScopeTests.swift; sourceTree = "<group>"; };
		8FC8F73C198C7B5A00E4ED32 /* JLKeywordScope.swift */ = {isa = PBXFileReference; fileEncoding = 4; lastKnownFileType = sourcecode.swift; path = JLKeywordScope.swift; sourceTree = "<group>"; };
		8FC8F73E198C7D1B00E4ED32 /* Swift.swift */ = {isa = PBXFileReference; fileEncoding = 4; lastKnownFileType = sourcecode.swift; path = Swift.swift; sourceTree = "<group>"; };
		8FC8F741198C7D4800E4ED32 /* JLKeywordScopeTests.swift */ = {isa = PBXFileReference; fileEncoding = 4; lastKnownFileType = sourcecode.swift; path = JLKeywordScopeTests.swift; sourceTree = "<group>"; };
		8FCDBFF619787C7C00F4B3EC /* Language.swift */ = {isa = PBXFileReference; fileEncoding = 4; lastKnownFileType = sourcecode.swift; path = Language.swift; sourceTree = "<group>"; };
		8FCDBFF81978834D00F4B3EC /* TokenType.swift */ = {isa = PBXFileReference; fileEncoding = 4; lastKnownFileType = sourcecode.swift; path = TokenType.swift; sourceTree = "<group>"; };
		8FCDBFFA1979615D00F4B3EC /* ColorTheme.swift */ = {isa = PBXFileReference; fileEncoding = 4; lastKnownFileType = sourcecode.swift; path = ColorTheme.swift; sourceTree = "<group>"; };
		8FCDBFFC1979940200F4B3EC /* UITextViewExtensions.swift */ = {isa = PBXFileReference; fileEncoding = 4; lastKnownFileType = sourcecode.swift; path = UITextViewExtensions.swift; sourceTree = "<group>"; };
		8FCDBFFF19799B6700F4B3EC /* CodeViewController.swift */ = {isa = PBXFileReference; fileEncoding = 4; lastKnownFileType = sourcecode.swift; path = CodeViewController.swift; sourceTree = "<group>"; };
		8FDF6C661B226EB40044D754 /* JLIndentator.swift */ = {isa = PBXFileReference; fileEncoding = 4; lastKnownFileType = sourcecode.swift; path = JLIndentator.swift; sourceTree = "<group>"; };
		8FE12922197B5D780084E506 /* JLDocumentScope.swift */ = {isa = PBXFileReference; fileEncoding = 4; lastKnownFileType = sourcecode.swift; path = JLDocumentScope.swift; sourceTree = "<group>"; };
/* End PBXFileReference section */

/* Begin PBXFrameworksBuildPhase section */
		8FBFC16B19738B0400F75A76 /* Frameworks */ = {
			isa = PBXFrameworksBuildPhase;
			buildActionMask = 2147483647;
			files = (
			);
			runOnlyForDeploymentPostprocessing = 0;
		};
		8FBFC17719738B0400F75A76 /* Frameworks */ = {
			isa = PBXFrameworksBuildPhase;
			buildActionMask = 2147483647;
			files = (
				8FBFC17B19738B0400F75A76 /* Chromatism.framework in Frameworks */,
			);
			runOnlyForDeploymentPostprocessing = 0;
		};
/* End PBXFrameworksBuildPhase section */

/* Begin PBXGroup section */
		8F049A28198C93290078063F /* Scopes */ = {
			isa = PBXGroup;
			children = (
				8FBFC18B19738B7900F75A76 /* JLScope.swift */,
				8F95989D197437BF002EA4AB /* JLRegexScope.swift */,
				8FE12922197B5D780084E506 /* JLDocumentScope.swift */,
				8FC8F73C198C7B5A00E4ED32 /* JLKeywordScope.swift */,
				8F9313B81986A8FE00DD3993 /* Nested Scopes */,
			);
			name = Scopes;
			sourceTree = "<group>";
		};
		8F9313B81986A8FE00DD3993 /* Nested Scopes */ = {
			isa = PBXGroup;
			children = (
				8F7922C9197D39B900A94724 /* JLNestedScope.swift */,
				8F9313B61986A8E900DD3993 /* JLTokenizingScope.swift */,
			);
			name = "Nested Scopes";
			sourceTree = "<group>";
		};
		8FBFC16519738B0400F75A76 = {
			isa = PBXGroup;
			children = (
				8FBFC17119738B0400F75A76 /* Chromatism */,
				8FBFC17E19738B0400F75A76 /* ChromatismTests */,
				8FBFC17019738B0400F75A76 /* Products */,
			);
			sourceTree = "<group>";
		};
		8FBFC17019738B0400F75A76 /* Products */ = {
			isa = PBXGroup;
			children = (
				8FBFC16F19738B0400F75A76 /* Chromatism.framework */,
				8FBFC17A19738B0400F75A76 /* ChromatismTests.xctest */,
			);
			name = Products;
			sourceTree = "<group>";
		};
		8FBFC17119738B0400F75A76 /* Chromatism */ = {
			isa = PBXGroup;
			children = (
				8FBFC17419738B0400F75A76 /* Chromatism.h */,
				8F049A28198C93290078063F /* Scopes */,
				8F9313B11984271F00DD3993 /* JLTextStorage.swift */,
				8FBFC18D197418E300F75A76 /* NSIndexSet+Additions.swift */,
				8FDF6C661B226EB40044D754 /* JLIndentator.swift */,
				8FCDBFFC1979940200F4B3EC /* UITextViewExtensions.swift */,
				8FCDBFFF19799B6700F4B3EC /* CodeViewController.swift */,
				8FCDBFF81978834D00F4B3EC /* TokenType.swift */,
				8FCDBFFA1979615D00F4B3EC /* ColorTheme.swift */,
				8FCDBFF619787C7C00F4B3EC /* Language.swift */,
				8FBFC17219738B0400F75A76 /* Supporting Files */,
			);
			path = Chromatism;
			sourceTree = "<group>";
		};
		8FBFC17219738B0400F75A76 /* Supporting Files */ = {
			isa = PBXGroup;
			children = (
				8FBFC17319738B0400F75A76 /* Info.plist */,
			);
			name = "Supporting Files";
			sourceTree = "<group>";
		};
		8FBFC17E19738B0400F75A76 /* ChromatismTests */ = {
			isa = PBXGroup;
			children = (
				8FC8F741198C7D4800E4ED32 /* JLKeywordScopeTests.swift */,
				8FBFC18119738B0400F75A76 /* ChromatismTests.swift */,
				8FBFC19119741B6B00F75A76 /* JLScopeTests.swift */,
				8F9598A1197448B4002EA4AB /* JLTokenTests.swift */,
				8F311E85197C8F040030B553 /* ObjectiveC.swift */,
				8FC8F73E198C7D1B00E4ED32 /* Swift.swift */,
				8FB10D2E197F0A10001A83B1 /* demo.txt */,
				8FBFC17F19738B0400F75A76 /* Supporting Files */,
			);
			path = ChromatismTests;
			sourceTree = "<group>";
		};
		8FBFC17F19738B0400F75A76 /* Supporting Files */ = {
			isa = PBXGroup;
			children = (
				8FBFC18019738B0400F75A76 /* Info.plist */,
			);
			name = "Supporting Files";
			sourceTree = "<group>";
		};
/* End PBXGroup section */

/* Begin PBXHeadersBuildPhase section */
		8FBFC16C19738B0400F75A76 /* Headers */ = {
			isa = PBXHeadersBuildPhase;
			buildActionMask = 2147483647;
			files = (
				8FBFC17519738B0400F75A76 /* Chromatism.h in Headers */,
			);
			runOnlyForDeploymentPostprocessing = 0;
		};
/* End PBXHeadersBuildPhase section */

/* Begin PBXNativeTarget section */
		8FBFC16E19738B0400F75A76 /* Chromatism */ = {
			isa = PBXNativeTarget;
			buildConfigurationList = 8FBFC18519738B0400F75A76 /* Build configuration list for PBXNativeTarget "Chromatism" */;
			buildPhases = (
				8FBFC16A19738B0400F75A76 /* Sources */,
				8FBFC16B19738B0400F75A76 /* Frameworks */,
				8FBFC16C19738B0400F75A76 /* Headers */,
				8FBFC16D19738B0400F75A76 /* Resources */,
			);
			buildRules = (
			);
			dependencies = (
			);
			name = Chromatism;
			productName = Chromatism;
			productReference = 8FBFC16F19738B0400F75A76 /* Chromatism.framework */;
			productType = "com.apple.product-type.framework";
		};
		8FBFC17919738B0400F75A76 /* ChromatismTests */ = {
			isa = PBXNativeTarget;
			buildConfigurationList = 8FBFC18819738B0400F75A76 /* Build configuration list for PBXNativeTarget "ChromatismTests" */;
			buildPhases = (
				8FBFC17619738B0400F75A76 /* Sources */,
				8FBFC17719738B0400F75A76 /* Frameworks */,
				8FBFC17819738B0400F75A76 /* Resources */,
			);
			buildRules = (
			);
			dependencies = (
				8FBFC17D19738B0400F75A76 /* PBXTargetDependency */,
			);
			name = ChromatismTests;
			productName = ChromatismTests;
			productReference = 8FBFC17A19738B0400F75A76 /* ChromatismTests.xctest */;
			productType = "com.apple.product-type.bundle.unit-test";
		};
/* End PBXNativeTarget section */

/* Begin PBXProject section */
		8FBFC16619738B0400F75A76 /* Project object */ = {
			isa = PBXProject;
			attributes = {
				LastSwiftUpdateCheck = 0700;
				LastUpgradeCheck = 0800;
				ORGANIZATIONNAME = anviking;
				TargetAttributes = {
					8FBFC16E19738B0400F75A76 = {
						CreatedOnToolsVersion = 6.0;
						DevelopmentTeam = DQ69J4LB4T;
						DevelopmentTeamName = "Johannes Lund";
						LastSwiftMigration = 0800;
					};
					8FBFC17919738B0400F75A76 = {
						CreatedOnToolsVersion = 6.0;
						LastSwiftMigration = 0800;
						TestTargetID = 8FBFC16E19738B0400F75A76;
					};
				};
			};
			buildConfigurationList = 8FBFC16919738B0400F75A76 /* Build configuration list for PBXProject "Chromatism" */;
			compatibilityVersion = "Xcode 3.2";
			developmentRegion = English;
			hasScannedForEncodings = 0;
			knownRegions = (
				en,
			);
			mainGroup = 8FBFC16519738B0400F75A76;
			productRefGroup = 8FBFC17019738B0400F75A76 /* Products */;
			projectDirPath = "";
			projectRoot = "";
			targets = (
				8FBFC16E19738B0400F75A76 /* Chromatism */,
				8FBFC17919738B0400F75A76 /* ChromatismTests */,
			);
		};
/* End PBXProject section */

/* Begin PBXResourcesBuildPhase section */
		8FBFC16D19738B0400F75A76 /* Resources */ = {
			isa = PBXResourcesBuildPhase;
			buildActionMask = 2147483647;
			files = (
			);
			runOnlyForDeploymentPostprocessing = 0;
		};
		8FBFC17819738B0400F75A76 /* Resources */ = {
			isa = PBXResourcesBuildPhase;
			buildActionMask = 2147483647;
			files = (
				8FB10D2F197F0A10001A83B1 /* demo.txt in Resources */,
			);
			runOnlyForDeploymentPostprocessing = 0;
		};
/* End PBXResourcesBuildPhase section */

/* Begin PBXSourcesBuildPhase section */
		8FBFC16A19738B0400F75A76 /* Sources */ = {
			isa = PBXSourcesBuildPhase;
			buildActionMask = 2147483647;
			files = (
				8FC8F73D198C7B5A00E4ED32 /* JLKeywordScope.swift in Sources */,
				8FE1291E197B21900084E506 /* UITextViewExtensions.swift in Sources */,
				8F7922CA197D39B900A94724 /* JLNestedScope.swift in Sources */,
				8FE1291B197B1D5D0084E506 /* JLScope.swift in Sources */,
				8FCDBFF91978834D00F4B3EC /* TokenType.swift in Sources */,
				8FCDBFFB1979615D00F4B3EC /* ColorTheme.swift in Sources */,
				8F5D7ADF197D3B4900D73B8E /* Language.swift in Sources */,
				8FBFC18E197418E300F75A76 /* NSIndexSet+Additions.swift in Sources */,
				8FE1291C197B21900084E506 /* JLRegexScope.swift in Sources */,
				8FE1291F197B21900084E506 /* CodeViewController.swift in Sources */,
				8FE12923197B5D780084E506 /* JLDocumentScope.swift in Sources */,
				8FDF6C671B226EB40044D754 /* JLIndentator.swift in Sources */,
				8F9313B21984271F00DD3993 /* JLTextStorage.swift in Sources */,
				8F9313B71986A8E900DD3993 /* JLTokenizingScope.swift in Sources */,
			);
			runOnlyForDeploymentPostprocessing = 0;
		};
		8FBFC17619738B0400F75A76 /* Sources */ = {
			isa = PBXSourcesBuildPhase;
			buildActionMask = 2147483647;
			files = (
				8FBFC19219741B6B00F75A76 /* JLScopeTests.swift in Sources */,
				8FB10D22197EF104001A83B1 /* JLDocumentScope.swift in Sources */,
				8F9598A2197448B4002EA4AB /* JLTokenTests.swift in Sources */,
				8FB10D21197EF104001A83B1 /* JLScope.swift in Sources */,
				8F5961FF198925D70095A8A9 /* JLTokenizingScope.swift in Sources */,
				8FB10D2C197EF104001A83B1 /* Language.swift in Sources */,
				8FB10D28197EF104001A83B1 /* UITextViewExtensions.swift in Sources */,
				8FB10D2B197EF104001A83B1 /* ColorTheme.swift in Sources */,
				8F311E86197C8F040030B553 /* ObjectiveC.swift in Sources */,
				8FBFC18219738B0400F75A76 /* ChromatismTests.swift in Sources */,
				8FC8F73F198C7D1B00E4ED32 /* Swift.swift in Sources */,
				8FB10D29197EF104001A83B1 /* CodeViewController.swift in Sources */,
				8FC8F740198C7D2400E4ED32 /* JLKeywordScope.swift in Sources */,
				8FB10D25197EF104001A83B1 /* JLNestedScope.swift in Sources */,
				8FB10D24197EF104001A83B1 /* JLRegexScope.swift in Sources */,
				8FC8F742198C7D4800E4ED32 /* JLKeywordScopeTests.swift in Sources */,
				8FB10D2A197EF104001A83B1 /* TokenType.swift in Sources */,
				8F596200198926660095A8A9 /* JLTextStorage.swift in Sources */,
				8FB10D26197EF104001A83B1 /* NSIndexSet+Additions.swift in Sources */,
			);
			runOnlyForDeploymentPostprocessing = 0;
		};
/* End PBXSourcesBuildPhase section */

/* Begin PBXTargetDependency section */
		8FBFC17D19738B0400F75A76 /* PBXTargetDependency */ = {
			isa = PBXTargetDependency;
			target = 8FBFC16E19738B0400F75A76 /* Chromatism */;
			targetProxy = 8FBFC17C19738B0400F75A76 /* PBXContainerItemProxy */;
		};
/* End PBXTargetDependency section */

/* Begin XCBuildConfiguration section */
		8FBFC18319738B0400F75A76 /* Debug */ = {
			isa = XCBuildConfiguration;
			buildSettings = {
				ALWAYS_SEARCH_USER_PATHS = NO;
				CLANG_CXX_LANGUAGE_STANDARD = "gnu++0x";
				CLANG_CXX_LIBRARY = "libc++";
				CLANG_ENABLE_MODULES = YES;
				CLANG_ENABLE_OBJC_ARC = YES;
				CLANG_WARN_BOOL_CONVERSION = YES;
				CLANG_WARN_CONSTANT_CONVERSION = YES;
				CLANG_WARN_DIRECT_OBJC_ISA_USAGE = YES_ERROR;
				CLANG_WARN_EMPTY_BODY = YES;
				CLANG_WARN_ENUM_CONVERSION = YES;
				CLANG_WARN_INT_CONVERSION = YES;
				CLANG_WARN_OBJC_ROOT_CLASS = YES_ERROR;
				CLANG_WARN_UNREACHABLE_CODE = YES;
				CLANG_WARN__DUPLICATE_METHOD_MATCH = YES;
				"CODE_SIGN_IDENTITY[sdk=iphoneos*]" = "iPhone Developer";
				COPY_PHASE_STRIP = NO;
				CURRENT_PROJECT_VERSION = 1;
				ENABLE_STRICT_OBJC_MSGSEND = YES;
				ENABLE_TESTABILITY = YES;
				GCC_C_LANGUAGE_STANDARD = gnu99;
				GCC_DYNAMIC_NO_PIC = NO;
				GCC_NO_COMMON_BLOCKS = YES;
				GCC_OPTIMIZATION_LEVEL = 0;
				GCC_PREPROCESSOR_DEFINITIONS = (
					"DEBUG=1",
					"$(inherited)",
				);
				GCC_SYMBOLS_PRIVATE_EXTERN = NO;
				GCC_WARN_64_TO_32_BIT_CONVERSION = YES;
				GCC_WARN_ABOUT_RETURN_TYPE = YES_ERROR;
				GCC_WARN_UNDECLARED_SELECTOR = YES;
				GCC_WARN_UNINITIALIZED_AUTOS = YES_AGGRESSIVE;
				GCC_WARN_UNUSED_FUNCTION = YES;
				GCC_WARN_UNUSED_VARIABLE = YES;
				IPHONEOS_DEPLOYMENT_TARGET = 8.0;
				MTL_ENABLE_DEBUG_INFO = YES;
				ONLY_ACTIVE_ARCH = YES;
				SDKROOT = iphoneos;
				SWIFT_OPTIMIZATION_LEVEL = "-Onone";
				TARGETED_DEVICE_FAMILY = "1,2";
				VERSIONING_SYSTEM = "apple-generic";
				VERSION_INFO_PREFIX = "";
			};
			name = Debug;
		};
		8FBFC18419738B0400F75A76 /* Release */ = {
			isa = XCBuildConfiguration;
			buildSettings = {
				ALWAYS_SEARCH_USER_PATHS = NO;
				CLANG_CXX_LANGUAGE_STANDARD = "gnu++0x";
				CLANG_CXX_LIBRARY = "libc++";
				CLANG_ENABLE_MODULES = YES;
				CLANG_ENABLE_OBJC_ARC = YES;
				CLANG_WARN_BOOL_CONVERSION = YES;
				CLANG_WARN_CONSTANT_CONVERSION = YES;
				CLANG_WARN_DIRECT_OBJC_ISA_USAGE = YES_ERROR;
				CLANG_WARN_EMPTY_BODY = YES;
				CLANG_WARN_ENUM_CONVERSION = YES;
				CLANG_WARN_INT_CONVERSION = YES;
				CLANG_WARN_OBJC_ROOT_CLASS = YES_ERROR;
				CLANG_WARN_UNREACHABLE_CODE = YES;
				CLANG_WARN__DUPLICATE_METHOD_MATCH = YES;
				"CODE_SIGN_IDENTITY[sdk=iphoneos*]" = "iPhone Developer";
				COPY_PHASE_STRIP = YES;
				CURRENT_PROJECT_VERSION = 1;
				ENABLE_NS_ASSERTIONS = NO;
				ENABLE_STRICT_OBJC_MSGSEND = YES;
				GCC_C_LANGUAGE_STANDARD = gnu99;
				GCC_NO_COMMON_BLOCKS = YES;
				GCC_WARN_64_TO_32_BIT_CONVERSION = YES;
				GCC_WARN_ABOUT_RETURN_TYPE = YES_ERROR;
				GCC_WARN_UNDECLARED_SELECTOR = YES;
				GCC_WARN_UNINITIALIZED_AUTOS = YES_AGGRESSIVE;
				GCC_WARN_UNUSED_FUNCTION = YES;
				GCC_WARN_UNUSED_VARIABLE = YES;
				IPHONEOS_DEPLOYMENT_TARGET = 8.0;
				MTL_ENABLE_DEBUG_INFO = NO;
				SDKROOT = iphoneos;
				TARGETED_DEVICE_FAMILY = "1,2";
				VALIDATE_PRODUCT = YES;
				VERSIONING_SYSTEM = "apple-generic";
				VERSION_INFO_PREFIX = "";
			};
			name = Release;
		};
		8FBFC18619738B0400F75A76 /* Debug */ = {
			isa = XCBuildConfiguration;
			buildSettings = {
				CLANG_ENABLE_MODULES = YES;
				DEFINES_MODULE = YES;
				DYLIB_COMPATIBILITY_VERSION = 1;
				DYLIB_CURRENT_VERSION = 1;
				DYLIB_INSTALL_NAME_BASE = "@rpath";
				INFOPLIST_FILE = Chromatism/Info.plist;
				INSTALL_PATH = "$(LOCAL_LIBRARY_DIR)/Frameworks";
				LD_RUNPATH_SEARCH_PATHS = "$(inherited) @executable_path/Frameworks @loader_path/Frameworks";
				PRODUCT_BUNDLE_IDENTIFIER = "anviking.${PRODUCT_NAME:rfc1034identifier}";
				PRODUCT_NAME = "$(TARGET_NAME)";
				SKIP_INSTALL = YES;
				SWIFT_OPTIMIZATION_LEVEL = "-Onone";
				SWIFT_VERSION = 3.0;
			};
			name = Debug;
		};
		8FBFC18719738B0400F75A76 /* Release */ = {
			isa = XCBuildConfiguration;
			buildSettings = {
				CLANG_ENABLE_MODULES = YES;
				DEFINES_MODULE = YES;
				DYLIB_COMPATIBILITY_VERSION = 1;
				DYLIB_CURRENT_VERSION = 1;
				DYLIB_INSTALL_NAME_BASE = "@rpath";
				INFOPLIST_FILE = Chromatism/Info.plist;
				INSTALL_PATH = "$(LOCAL_LIBRARY_DIR)/Frameworks";
				LD_RUNPATH_SEARCH_PATHS = "$(inherited) @executable_path/Frameworks @loader_path/Frameworks";
				PRODUCT_BUNDLE_IDENTIFIER = "anviking.${PRODUCT_NAME:rfc1034identifier}";
				PRODUCT_NAME = "$(TARGET_NAME)";
				SKIP_INSTALL = YES;
				SWIFT_OPTIMIZATION_LEVEL = "-Owholemodule";
				SWIFT_VERSION = 3.0;
			};
			name = Release;
		};
		8FBFC18919738B0400F75A76 /* Debug */ = {
			isa = XCBuildConfiguration;
			buildSettings = {
				FRAMEWORK_SEARCH_PATHS = (
					"$(SDKROOT)/Developer/Library/Frameworks",
					"$(inherited)",
				);
				GCC_PREPROCESSOR_DEFINITIONS = (
					"DEBUG=1",
					"$(inherited)",
				);
				INFOPLIST_FILE = ChromatismTests/Info.plist;
				LD_RUNPATH_SEARCH_PATHS = "$(inherited) @executable_path/Frameworks @loader_path/Frameworks";
				PRODUCT_BUNDLE_IDENTIFIER = "anviking.${PRODUCT_NAME:rfc1034identifier}";
				PRODUCT_NAME = "$(TARGET_NAME)";
				SWIFT_VERSION = 3.0;
			};
			name = Debug;
		};
		8FBFC18A19738B0400F75A76 /* Release */ = {
			isa = XCBuildConfiguration;
			buildSettings = {
				FRAMEWORK_SEARCH_PATHS = (
					"$(SDKROOT)/Developer/Library/Frameworks",
					"$(inherited)",
				);
				INFOPLIST_FILE = ChromatismTests/Info.plist;
				LD_RUNPATH_SEARCH_PATHS = "$(inherited) @executable_path/Frameworks @loader_path/Frameworks";
				PRODUCT_BUNDLE_IDENTIFIER = "anviking.${PRODUCT_NAME:rfc1034identifier}";
				PRODUCT_NAME = "$(TARGET_NAME)";
				SWIFT_OPTIMIZATION_LEVEL = "-Owholemodule";
				SWIFT_VERSION = 3.0;
			};
			name = Release;
		};
/* End XCBuildConfiguration section */

/* Begin XCConfigurationList section */
		8FBFC16919738B0400F75A76 /* Build configuration list for PBXProject "Chromatism" */ = {
			isa = XCConfigurationList;
			buildConfigurations = (
				8FBFC18319738B0400F75A76 /* Debug */,
				8FBFC18419738B0400F75A76 /* Release */,
			);
			defaultConfigurationIsVisible = 0;
			defaultConfigurationName = Release;
		};
		8FBFC18519738B0400F75A76 /* Build configuration list for PBXNativeTarget "Chromatism" */ = {
			isa = XCConfigurationList;
			buildConfigurations = (
				8FBFC18619738B0400F75A76 /* Debug */,
				8FBFC18719738B0400F75A76 /* Release */,
			);
			defaultConfigurationIsVisible = 0;
			defaultConfigurationName = Release;
		};
		8FBFC18819738B0400F75A76 /* Build configuration list for PBXNativeTarget "ChromatismTests" */ = {
			isa = XCConfigurationList;
			buildConfigurations = (
				8FBFC18919738B0400F75A76 /* Debug */,
				8FBFC18A19738B0400F75A76 /* Release */,
			);
			defaultConfigurationIsVisible = 0;
			defaultConfigurationName = Release;
		};
/* End XCConfigurationList section */
	};
	rootObject = 8FBFC16619738B0400F75A76 /* Project object */;
}
